
Microsoft Visual Studio Solution File, Format Version 12.00
# Visual Studio Version 16
VisualStudioVersion = 16.0.31624.102
MinimumVisualStudioVersion = 10.0.40219.1
Project("{FAE04EC0-301F-11D3-BF4B-00C04F79EFBC}") = "PluginInterface", "PluginInterface\PluginInterface.csproj", "{3AA740DB-5A68-4933-911B-E3D7685008EC}"
EndProject
Project("{FAE04EC0-301F-11D3-BF4B-00C04F79EFBC}") = "GeolocationInfoLib", "GeolocationInfo\GeolocationInfoLib.csproj", "{02249FF8-1BF6-4209-9BE0-9A0EC0CAA13B}"
EndProject
Project("{FAE04EC0-301F-11D3-BF4B-00C04F79EFBC}") = "ModuleExtension", "ModuleExtension\ModuleExtension.csproj", "{DF72C685-7233-400F-B077-3C3B42DED742}"
EndProject
Global
	GlobalSection(SolutionConfigurationPlatforms) = preSolution
		Debug|Any CPU = Debug|Any CPU
		Release|Any CPU = Release|Any CPU
	EndGlobalSection
	GlobalSection(ProjectConfigurationPlatforms) = postSolution
		{3AA740DB-5A68-4933-911B-E3D7685008EC}.Debug|Any CPU.ActiveCfg = Debug|Any CPU
		{3AA740DB-5A68-4933-911B-E3D7685008EC}.Debug|Any CPU.Build.0 = Debug|Any CPU
		{3AA740DB-5A68-4933-911B-E3D7685008EC}.Release|Any CPU.ActiveCfg = Release|Any CPU
		{3AA740DB-5A68-4933-911B-E3D7685008EC}.Release|Any CPU.Build.0 = Release|Any CPU
		{02249FF8-1BF6-4209-9BE0-9A0EC0CAA13B}.Debug|Any CPU.ActiveCfg = Debug|Any CPU
		{02249FF8-1BF6-4209-9BE0-9A0EC0CAA13B}.Debug|Any CPU.Build.0 = Debug|Any CPU
		{02249FF8-1BF6-4209-9BE0-9A0EC0CAA13B}.Release|Any CPU.ActiveCfg = Release|Any CPU
		{02249FF8-1BF6-4209-9BE0-9A0EC0CAA13B}.Release|Any CPU.Build.0 = Release|Any CPU
		{DF72C685-7233-400F-B077-3C3B42DED742}.Debug|Any CPU.ActiveCfg = Debug|Any CPU
		{DF72C685-7233-400F-B077-3C3B42DED742}.Debug|Any CPU.Build.0 = Debug|Any CPU
		{DF72C685-7233-400F-B077-3C3B42DED742}.Release|Any CPU.ActiveCfg = Release|Any CPU
		{DF72C685-7233-400F-B077-3C3B42DED742}.Release|Any CPU.Build.0 = Release|Any CPU
	EndGlobalSection
	GlobalSection(SolutionProperties) = preSolution
		HideSolutionNode = FALSE
	EndGlobalSection
	GlobalSection(ExtensibilityGlobals) = postSolution
		SolutionGuid = {5EA27D9F-1A12-4C6B-BDC9-DF6850C1E852}
	EndGlobalSection
EndGlobal
